// !$*UTF8*$!
{
	archiveVersion = 1;
	classes = {
	};
	objectVersion = 46;
	objects = {

/* Begin PBXBuildFile section */
		3DDCE6FE1C657D9C001CDACB /* AppDelegate.swift in Sources */ = {isa = PBXBuildFile; fileRef = 3DDCE6FD1C657D9C001CDACB /* AppDelegate.swift */; };
		3DDCE7001C657D9C001CDACB /* ViewController.swift in Sources */ = {isa = PBXBuildFile; fileRef = 3DDCE6FF1C657D9C001CDACB /* ViewController.swift */; };
		3DDCE7031C657D9C001CDACB /* Main.storyboard in Resources */ = {isa = PBXBuildFile; fileRef = 3DDCE7011C657D9C001CDACB /* Main.storyboard */; };
		3DDCE7061C657D9C001CDACB /* RK1.xcdatamodeld in Sources */ = {isa = PBXBuildFile; fileRef = 3DDCE7041C657D9C001CDACB /* RK1.xcdatamodeld */; };
		3DDCE7081C657D9C001CDACB /* Assets.xcassets in Resources */ = {isa = PBXBuildFile; fileRef = 3DDCE7071C657D9C001CDACB /* Assets.xcassets */; };
		3DDCE70B1C657D9C001CDACB /* LaunchScreen.storyboard in Resources */ = {isa = PBXBuildFile; fileRef = 3DDCE7091C657D9C001CDACB /* LaunchScreen.storyboard */; };
		3DDCE7161C657D9C001CDACB /* RK1Tests.swift in Sources */ = {isa = PBXBuildFile; fileRef = 3DDCE7151C657D9C001CDACB /* RK1Tests.swift */; };
		3DDCE7211C657D9C001CDACB /* RK1UITests.swift in Sources */ = {isa = PBXBuildFile; fileRef = 3DDCE7201C657D9C001CDACB /* RK1UITests.swift */; };
/* End PBXBuildFile section */

/* Begin PBXContainerItemProxy section */
		3DDCE7121C657D9C001CDACB /* PBXContainerItemProxy */ = {
			isa = PBXContainerItemProxy;
			containerPortal = 3DDCE6F21C657D9B001CDACB /* Project object */;
			proxyType = 1;
			remoteGlobalIDString = 3DDCE6F91C657D9B001CDACB;
			remoteInfo = RK1;
		};
		3DDCE71D1C657D9C001CDACB /* PBXContainerItemProxy */ = {
			isa = PBXContainerItemProxy;
			containerPortal = 3DDCE6F21C657D9B001CDACB /* Project object */;
			proxyType = 1;
			remoteGlobalIDString = 3DDCE6F91C657D9B001CDACB;
			remoteInfo = RK1;
		};
/* End PBXContainerItemProxy section */

/* Begin PBXFileReference section */
		3DDCE6FA1C657D9B001CDACB /* RK1.app */ = {isa = PBXFileReference; explicitFileType = wrapper.application; includeInIndex = 0; path = RK1.app; sourceTree = BUILT_PRODUCTS_DIR; };
		3DDCE6FD1C657D9C001CDACB /* AppDelegate.swift */ = {isa = PBXFileReference; lastKnownFileType = sourcecode.swift; path = AppDelegate.swift; sourceTree = "<group>"; };
		3DDCE6FF1C657D9C001CDACB /* ViewController.swift */ = {isa = PBXFileReference; lastKnownFileType = sourcecode.swift; path = ViewController.swift; sourceTree = "<group>"; };
		3DDCE7021C657D9C001CDACB /* Base */ = {isa = PBXFileReference; lastKnownFileType = file.storyboard; name = Base; path = Base.lproj/Main.storyboard; sourceTree = "<group>"; };
		3DDCE7051C657D9C001CDACB /* RK1.xcdatamodel */ = {isa = PBXFileReference; lastKnownFileType = wrapper.xcdatamodel; path = RK1.xcdatamodel; sourceTree = "<group>"; };
		3DDCE7071C657D9C001CDACB /* Assets.xcassets */ = {isa = PBXFileReference; lastKnownFileType = folder.assetcatalog; path = Assets.xcassets; sourceTree = "<group>"; };
		3DDCE70A1C657D9C001CDACB /* Base */ = {isa = PBXFileReference; lastKnownFileType = file.storyboard; name = Base; path = Base.lproj/LaunchScreen.storyboard; sourceTree = "<group>"; };
		3DDCE70C1C657D9C001CDACB /* Info.plist */ = {isa = PBXFileReference; lastKnownFileType = text.plist.xml; path = Info.plist; sourceTree = "<group>"; };
		3DDCE7111C657D9C001CDACB /* RK1Tests.xctest */ = {isa = PBXFileReference; explicitFileType = wrapper.cfbundle; includeInIndex = 0; path = RK1Tests.xctest; sourceTree = BUILT_PRODUCTS_DIR; };
		3DDCE7151C657D9C001CDACB /* RK1Tests.swift */ = {isa = PBXFileReference; lastKnownFileType = sourcecode.swift; path = RK1Tests.swift; sourceTree = "<group>"; };
		3DDCE7171C657D9C001CDACB /* Info.plist */ = {isa = PBXFileReference; lastKnownFileType = text.plist.xml; path = Info.plist; sourceTree = "<group>"; };
		3DDCE71C1C657D9C001CDACB /* RK1UITests.xctest */ = {isa = PBXFileReference; explicitFileType = wrapper.cfbundle; includeInIndex = 0; path = RK1UITests.xctest; sourceTree = BUILT_PRODUCTS_DIR; };
		3DDCE7201C657D9C001CDACB /* RK1UITests.swift */ = {isa = PBXFileReference; lastKnownFileType = sourcecode.swift; path = RK1UITests.swift; sourceTree = "<group>"; };
		3DDCE7221C657D9C001CDACB /* Info.plist */ = {isa = PBXFileReference; lastKnownFileType = text.plist.xml; path = Info.plist; sourceTree = "<group>"; };
/* End PBXFileReference section */

/* Begin PBXFrameworksBuildPhase section */
		3DDCE6F71C657D9B001CDACB /* Frameworks */ = {
			isa = PBXFrameworksBuildPhase;
			buildActionMask = 2147483647;
			files = (
			);
			runOnlyForDeploymentPostprocessing = 0;
		};
		3DDCE70E1C657D9C001CDACB /* Frameworks */ = {
			isa = PBXFrameworksBuildPhase;
			buildActionMask = 2147483647;
			files = (
			);
			runOnlyForDeploymentPostprocessing = 0;
		};
		3DDCE7191C657D9C001CDACB /* Frameworks */ = {
			isa = PBXFrameworksBuildPhase;
			buildActionMask = 2147483647;
			files = (
			);
			runOnlyForDeploymentPostprocessing = 0;
		};
/* End PBXFrameworksBuildPhase section */

/* Begin PBXGroup section */
		3DDCE6F11C657D9B001CDACB = {
			isa = PBXGroup;
			children = (
				3DDCE6FC1C657D9B001CDACB /* RK1 */,
				3DDCE7141C657D9C001CDACB /* RK1Tests */,
				3DDCE71F1C657D9C001CDACB /* RK1UITests */,
				3DDCE6FB1C657D9B001CDACB /* Products */,
			);
			sourceTree = "<group>";
		};
		3DDCE6FB1C657D9B001CDACB /* Products */ = {
			isa = PBXGroup;
			children = (
				3DDCE6FA1C657D9B001CDACB /* RK1.app */,
				3DDCE7111C657D9C001CDACB /* RK1Tests.xctest */,
				3DDCE71C1C657D9C001CDACB /* RK1UITests.xctest */,
			);
			name = Products;
			sourceTree = "<group>";
		};
		3DDCE6FC1C657D9B001CDACB /* RK1 */ = {
			isa = PBXGroup;
			children = (
				3DDCE6FD1C657D9C001CDACB /* AppDelegate.swift */,
				3DDCE6FF1C657D9C001CDACB /* ViewController.swift */,
				3DDCE7011C657D9C001CDACB /* Main.storyboard */,
				3DDCE7071C657D9C001CDACB /* Assets.xcassets */,
				3DDCE7091C657D9C001CDACB /* LaunchScreen.storyboard */,
				3DDCE70C1C657D9C001CDACB /* Info.plist */,
				3DDCE7041C657D9C001CDACB /* RK1.xcdatamodeld */,
			);
			path = RK1;
			sourceTree = "<group>";
		};
		3DDCE7141C657D9C001CDACB /* RK1Tests */ = {
			isa = PBXGroup;
			children = (
				3DDCE7151C657D9C001CDACB /* RK1Tests.swift */,
				3DDCE7171C657D9C001CDACB /* Info.plist */,
			);
			path = RK1Tests;
			sourceTree = "<group>";
		};
		3DDCE71F1C657D9C001CDACB /* RK1UITests */ = {
			isa = PBXGroup;
			children = (
				3DDCE7201C657D9C001CDACB /* RK1UITests.swift */,
				3DDCE7221C657D9C001CDACB /* Info.plist */,
			);
			path = RK1UITests;
			sourceTree = "<group>";
		};
/* End PBXGroup section */

/* Begin PBXNativeTarget section */
		3DDCE6F91C657D9B001CDACB /* RK1 */ = {
			isa = PBXNativeTarget;
			buildConfigurationList = 3DDCE7251C657D9C001CDACB /* Build configuration list for PBXNativeTarget "RK1" */;
			buildPhases = (
				3DDCE6F61C657D9B001CDACB /* Sources */,
				3DDCE6F71C657D9B001CDACB /* Frameworks */,
				3DDCE6F81C657D9B001CDACB /* Resources */,
			);
			buildRules = (
			);
			dependencies = (
			);
			name = RK1;
			productName = RK1;
			productReference = 3DDCE6FA1C657D9B001CDACB /* RK1.app */;
			productType = "com.apple.product-type.application";
		};
		3DDCE7101C657D9C001CDACB /* RK1Tests */ = {
			isa = PBXNativeTarget;
			buildConfigurationList = 3DDCE7281C657D9C001CDACB /* Build configuration list for PBXNativeTarget "RK1Tests" */;
			buildPhases = (
				3DDCE70D1C657D9C001CDACB /* Sources */,
				3DDCE70E1C657D9C001CDACB /* Frameworks */,
				3DDCE70F1C657D9C001CDACB /* Resources */,
			);
			buildRules = (
			);
			dependencies = (
				3DDCE7131C657D9C001CDACB /* PBXTargetDependency */,
			);
			name = RK1Tests;
			productName = RK1Tests;
			productReference = 3DDCE7111C657D9C001CDACB /* RK1Tests.xctest */;
			productType = "com.apple.product-type.bundle.unit-test";
		};
		3DDCE71B1C657D9C001CDACB /* RK1UITests */ = {
			isa = PBXNativeTarget;
			buildConfigurationList = 3DDCE72B1C657D9C001CDACB /* Build configuration list for PBXNativeTarget "RK1UITests" */;
			buildPhases = (
				3DDCE7181C657D9C001CDACB /* Sources */,
				3DDCE7191C657D9C001CDACB /* Frameworks */,
				3DDCE71A1C657D9C001CDACB /* Resources */,
			);
			buildRules = (
			);
			dependencies = (
				3DDCE71E1C657D9C001CDACB /* PBXTargetDependency */,
			);
			name = RK1UITests;
			productName = RK1UITests;
			productReference = 3DDCE71C1C657D9C001CDACB /* RK1UITests.xctest */;
			productType = "com.apple.product-type.bundle.ui-testing";
		};
/* End PBXNativeTarget section */

/* Begin PBXProject section */
		3DDCE6F21C657D9B001CDACB /* Project object */ = {
			isa = PBXProject;
			attributes = {
				LastSwiftUpdateCheck = 0720;
				LastUpgradeCheck = 0720;
				ORGANIZATIONNAME = "William Morrison";
				TargetAttributes = {
					3DDCE6F91C657D9B001CDACB = {
						CreatedOnToolsVersion = 7.2.1;
					};
					3DDCE7101C657D9C001CDACB = {
						CreatedOnToolsVersion = 7.2.1;
						TestTargetID = 3DDCE6F91C657D9B001CDACB;
					};
					3DDCE71B1C657D9C001CDACB = {
						CreatedOnToolsVersion = 7.2.1;
						TestTargetID = 3DDCE6F91C657D9B001CDACB;
					};
				};
			};
			buildConfigurationList = 3DDCE6F51C657D9B001CDACB /* Build configuration list for PBXProject "RK1" */;
			compatibilityVersion = "Xcode 3.2";
			developmentRegion = English;
			hasScannedForEncodings = 0;
			knownRegions = (
				en,
				Base,
			);
			mainGroup = 3DDCE6F11C657D9B001CDACB;
			productRefGroup = 3DDCE6FB1C657D9B001CDACB /* Products */;
			projectDirPath = "";
			projectRoot = "";
			targets = (
				3DDCE6F91C657D9B001CDACB /* RK1 */,
				3DDCE7101C657D9C001CDACB /* RK1Tests */,
				3DDCE71B1C657D9C001CDACB /* RK1UITests */,
			);
		};
/* End PBXProject section */

/* Begin PBXResourcesBuildPhase section */
		3DDCE6F81C657D9B001CDACB /* Resources */ = {
			isa = PBXResourcesBuildPhase;
			buildActionMask = 2147483647;
			files = (
				3DDCE70B1C657D9C001CDACB /* LaunchScreen.storyboard in Resources */,
				3DDCE7081C657D9C001CDACB /* Assets.xcassets in Resources */,
				3DDCE7031C657D9C001CDACB /* Main.storyboard in Resources */,
			);
			runOnlyForDeploymentPostprocessing = 0;
		};
		3DDCE70F1C657D9C001CDACB /* Resources */ = {
			isa = PBXResourcesBuildPhase;
			buildActionMask = 2147483647;
			files = (
			);
			runOnlyForDeploymentPostprocessing = 0;
		};
		3DDCE71A1C657D9C001CDACB /* Resources */ = {
			isa = PBXResourcesBuildPhase;
			buildActionMask = 2147483647;
			files = (
			);
			runOnlyForDeploymentPostprocessing = 0;
		};
/* End PBXResourcesBuildPhase section */

/* Begin PBXSourcesBuildPhase section */
		3DDCE6F61C657D9B001CDACB /* Sources */ = {
			isa = PBXSourcesBuildPhase;
			buildActionMask = 2147483647;
			files = (
				3DDCE7061C657D9C001CDACB /* RK1.xcdatamodeld in Sources */,
				3DDCE7001C657D9C001CDACB /* ViewController.swift in Sources */,
				3DDCE6FE1C657D9C001CDACB /* AppDelegate.swift in Sources */,
			);
			runOnlyForDeploymentPostprocessing = 0;
		};
		3DDCE70D1C657D9C001CDACB /* Sources */ = {
			isa = PBXSourcesBuildPhase;
			buildActionMask = 2147483647;
			files = (
				3DDCE7161C657D9C001CDACB /* RK1Tests.swift in Sources */,
			);
			runOnlyForDeploymentPostprocessing = 0;
		};
		3DDCE7181C657D9C001CDACB /* Sources */ = {
			isa = PBXSourcesBuildPhase;
			buildActionMask = 2147483647;
			files = (
				3DDCE7211C657D9C001CDACB /* RK1UITests.swift in Sources */,
			);
			runOnlyForDeploymentPostprocessing = 0;
		};
/* End PBXSourcesBuildPhase section */

/* Begin PBXTargetDependency section */
		3DDCE7131C657D9C001CDACB /* PBXTargetDependency */ = {
			isa = PBXTargetDependency;
			target = 3DDCE6F91C657D9B001CDACB /* RK1 */;
			targetProxy = 3DDCE7121C657D9C001CDACB /* PBXContainerItemProxy */;
		};
		3DDCE71E1C657D9C001CDACB /* PBXTargetDependency */ = {
			isa = PBXTargetDependency;
			target = 3DDCE6F91C657D9B001CDACB /* RK1 */;
			targetProxy = 3DDCE71D1C657D9C001CDACB /* PBXContainerItemProxy */;
		};
/* End PBXTargetDependency section */

/* Begin PBXVariantGroup section */
		3DDCE7011C657D9C001CDACB /* Main.storyboard */ = {
			isa = PBXVariantGroup;
			children = (
				3DDCE7021C657D9C001CDACB /* Base */,
			);
			name = Main.storyboard;
			sourceTree = "<group>";
		};
		3DDCE7091C657D9C001CDACB /* LaunchScreen.storyboard */ = {
			isa = PBXVariantGroup;
			children = (
				3DDCE70A1C657D9C001CDACB /* Base */,
			);
			name = LaunchScreen.storyboard;
			sourceTree = "<group>";
		};
/* End PBXVariantGroup section */

/* Begin XCBuildConfiguration section */
		3DDCE7231C657D9C001CDACB /* Debug */ = {
			isa = XCBuildConfiguration;
			buildSettings = {
				ALWAYS_SEARCH_USER_PATHS = NO;
				CLANG_CXX_LANGUAGE_STANDARD = "gnu++0x";
				CLANG_CXX_LIBRARY = "libc++";
				CLANG_ENABLE_MODULES = YES;
				CLANG_ENABLE_OBJC_ARC = YES;
				CLANG_WARN_BOOL_CONVERSION = YES;
				CLANG_WARN_CONSTANT_CONVERSION = YES;
				CLANG_WARN_DIRECT_OBJC_ISA_USAGE = YES_ERROR;
				CLANG_WARN_EMPTY_BODY = YES;
				CLANG_WARN_ENUM_CONVERSION = YES;
				CLANG_WARN_INT_CONVERSION = YES;
				CLANG_WARN_OBJC_ROOT_CLASS = YES_ERROR;
				CLANG_WARN_UNREACHABLE_CODE = YES;
				CLANG_WARN__DUPLICATE_METHOD_MATCH = YES;
				"CODE_SIGN_IDENTITY[sdk=iphoneos*]" = "iPhone Developer";
				COPY_PHASE_STRIP = NO;
				DEBUG_INFORMATION_FORMAT = dwarf;
				ENABLE_STRICT_OBJC_MSGSEND = YES;
				ENABLE_TESTABILITY = YES;
				GCC_C_LANGUAGE_STANDARD = gnu99;
				GCC_DYNAMIC_NO_PIC = NO;
				GCC_NO_COMMON_BLOCKS = YES;
				GCC_OPTIMIZATION_LEVEL = 0;
				GCC_PREPROCESSOR_DEFINITIONS = (
					"DEBUG=1",
					"$(inherited)",
				);
				GCC_WARN_64_TO_32_BIT_CONVERSION = YES;
				GCC_WARN_ABOUT_RETURN_TYPE = YES_ERROR;
				GCC_WARN_UNDECLARED_SELECTOR = YES;
				GCC_WARN_UNINITIALIZED_AUTOS = YES_AGGRESSIVE;
				GCC_WARN_UNUSED_FUNCTION = YES;
				GCC_WARN_UNUSED_VARIABLE = YES;
				IPHONEOS_DEPLOYMENT_TARGET = 9.2;
				MTL_ENABLE_DEBUG_INFO = YES;
				ONLY_ACTIVE_ARCH = YES;
				SDKROOT = iphoneos;
				SWIFT_OPTIMIZATION_LEVEL = "-Onone";
			};
			name = Debug;
		};
		3DDCE7241C657D9C001CDACB /* Release */ = {
			isa = XCBuildConfiguration;
			buildSettings = {
				ALWAYS_SEARCH_USER_PATHS = NO;
				CLANG_CXX_LANGUAGE_STANDARD = "gnu++0x";
				CLANG_CXX_LIBRARY = "libc++";
				CLANG_ENABLE_MODULES = YES;
				CLANG_ENABLE_OBJC_ARC = YES;
				CLANG_WARN_BOOL_CONVERSION = YES;
				CLANG_WARN_CONSTANT_CONVERSION = YES;
				CLANG_WARN_DIRECT_OBJC_ISA_USAGE = YES_ERROR;
				CLANG_WARN_EMPTY_BODY = YES;
				CLANG_WARN_ENUM_CONVERSION = YES;
				CLANG_WARN_INT_CONVERSION = YES;
				CLANG_WARN_OBJC_ROOT_CLASS = YES_ERROR;
				CLANG_WARN_UNREACHABLE_CODE = YES;
				CLANG_WARN__DUPLICATE_METHOD_MATCH = YES;
				"CODE_SIGN_IDENTITY[sdk=iphoneos*]" = "iPhone Developer";
				COPY_PHASE_STRIP = NO;
				DEBUG_INFORMATION_FORMAT = "dwarf-with-dsym";
				ENABLE_NS_ASSERTIONS = NO;
				ENABLE_STRICT_OBJC_MSGSEND = YES;
				GCC_C_LANGUAGE_STANDARD = gnu99;
				GCC_NO_COMMON_BLOCKS = YES;
				GCC_WARN_64_TO_32_BIT_CONVERSION = YES;
				GCC_WARN_ABOUT_RETURN_TYPE = YES_ERROR;
				GCC_WARN_UNDECLARED_SELECTOR = YES;
				GCC_WARN_UNINITIALIZED_AUTOS = YES_AGGRESSIVE;
				GCC_WARN_UNUSED_FUNCTION = YES;
				GCC_WARN_UNUSED_VARIABLE = YES;
				IPHONEOS_DEPLOYMENT_TARGET = 9.2;
				MTL_ENABLE_DEBUG_INFO = NO;
				SDKROOT = iphoneos;
				VALIDATE_PRODUCT = YES;
			};
			name = Release;
		};
		3DDCE7261C657D9C001CDACB /* Debug */ = {
			isa = XCBuildConfiguration;
			buildSettings = {
				ASSETCATALOG_COMPILER_APPICON_NAME = AppIcon;
				INFOPLIST_FILE = RK1/Info.plist;
				LD_RUNPATH_SEARCH_PATHS = "$(inherited) @executable_path/Frameworks";
				PRODUCT_BUNDLE_IDENTIFIER = WMMHYC.RK1;
				PRODUCT_NAME = "$(TARGET_NAME)";
			};
			name = Debug;
		};
		3DDCE7271C657D9C001CDACB /* Release */ = {
			isa = XCBuildConfiguration;
			buildSettings = {
				ASSETCATALOG_COMPILER_APPICON_NAME = AppIcon;
				INFOPLIST_FILE = RK1/Info.plist;
				LD_RUNPATH_SEARCH_PATHS = "$(inherited) @executable_path/Frameworks";
				PRODUCT_BUNDLE_IDENTIFIER = WMMHYC.RK1;
				PRODUCT_NAME = "$(TARGET_NAME)";
			};
			name = Release;
		};
		3DDCE7291C657D9C001CDACB /* Debug */ = {
			isa = XCBuildConfiguration;
			buildSettings = {
				BUNDLE_LOADER = "$(TEST_HOST)";
				INFOPLIST_FILE = RK1Tests/Info.plist;
				LD_RUNPATH_SEARCH_PATHS = "$(inherited) @executable_path/Frameworks @loader_path/Frameworks";
				PRODUCT_BUNDLE_IDENTIFIER = WMMHYC.RK1Tests;
				PRODUCT_NAME = "$(TARGET_NAME)";
				TEST_HOST = "$(BUILT_PRODUCTS_DIR)/RK1.app/RK1";
			};
			name = Debug;
		};
		3DDCE72A1C657D9C001CDACB /* Release */ = {
			isa = XCBuildConfiguration;
			buildSettings = {
				BUNDLE_LOADER = "$(TEST_HOST)";
				INFOPLIST_FILE = RK1Tests/Info.plist;
				LD_RUNPATH_SEARCH_PATHS = "$(inherited) @executable_path/Frameworks @loader_path/Frameworks";
				PRODUCT_BUNDLE_IDENTIFIER = WMMHYC.RK1Tests;
				PRODUCT_NAME = "$(TARGET_NAME)";
				TEST_HOST = "$(BUILT_PRODUCTS_DIR)/RK1.app/RK1";
			};
			name = Release;
		};
		3DDCE72C1C657D9C001CDACB /* Debug */ = {
			isa = XCBuildConfiguration;
			buildSettings = {
				INFOPLIST_FILE = RK1UITests/Info.plist;
				LD_RUNPATH_SEARCH_PATHS = "$(inherited) @executable_path/Frameworks @loader_path/Frameworks";
				PRODUCT_BUNDLE_IDENTIFIER = WMMHYC.RK1UITests;
				PRODUCT_NAME = "$(TARGET_NAME)";
				TEST_TARGET_NAME = RK1;
				USES_XCTRUNNER = YES;
			};
			name = Debug;
		};
		3DDCE72D1C657D9C001CDACB /* Release */ = {
			isa = XCBuildConfiguration;
			buildSettings = {
				INFOPLIST_FILE = RK1UITests/Info.plist;
				LD_RUNPATH_SEARCH_PATHS = "$(inherited) @executable_path/Frameworks @loader_path/Frameworks";
				PRODUCT_BUNDLE_IDENTIFIER = WMMHYC.RK1UITests;
				PRODUCT_NAME = "$(TARGET_NAME)";
				TEST_TARGET_NAME = RK1;
				USES_XCTRUNNER = YES;
			};
			name = Release;
		};
/* End XCBuildConfiguration section */

/* Begin XCConfigurationList section */
		3DDCE6F51C657D9B001CDACB /* Build configuration list for PBXProject "RK1" */ = {
			isa = XCConfigurationList;
			buildConfigurations = (
				3DDCE7231C657D9C001CDACB /* Debug */,
				3DDCE7241C657D9C001CDACB /* Release */,
			);
			defaultConfigurationIsVisible = 0;
			defaultConfigurationName = Release;
		};
		3DDCE7251C657D9C001CDACB /* Build configuration list for PBXNativeTarget "RK1" */ = {
			isa = XCConfigurationList;
			buildConfigurations = (
				3DDCE7261C657D9C001CDACB /* Debug */,
				3DDCE7271C657D9C001CDACB /* Release */,
			);
			defaultConfigurationIsVisible = 0;
		};
		3DDCE7281C657D9C001CDACB /* Build configuration list for PBXNativeTarget "RK1Tests" */ = {
			isa = XCConfigurationList;
			buildConfigurations = (
				3DDCE7291C657D9C001CDACB /* Debug */,
				3DDCE72A1C657D9C001CDACB /* Release */,
			);
			defaultConfigurationIsVisible = 0;
		};
		3DDCE72B1C657D9C001CDACB /* Build configuration list for PBXNativeTarget "RK1UITests" */ = {
			isa = XCConfigurationList;
			buildConfigurations = (
				3DDCE72C1C657D9C001CDACB /* Debug */,
				3DDCE72D1C657D9C001CDACB /* Release */,
			);
			defaultConfigurationIsVisible = 0;
		};
/* End XCConfigurationList section */

/* Begin XCVersionGroup section */
		3DDCE7041C657D9C001CDACB /* RK1.xcdatamodeld */ = {
			isa = XCVersionGroup;
			children = (
				3DDCE7051C657D9C001CDACB /* RK1.xcdatamodel */,
			);
			currentVersion = 3DDCE7051C657D9C001CDACB /* RK1.xcdatamodel */;
			path = RK1.xcdatamodeld;
			sourceTree = "<group>";
			versionGroupType = wrapper.xcdatamodel;
		};
/* End XCVersionGroup section */
	};
	rootObject = 3DDCE6F21C657D9B001CDACB /* Project object */;
}
